// !$*UTF8*$!
{
	archiveVersion = 1;
	classes = {
	};
	objectVersion = 50;
	objects = {

/* Begin PBXBuildFile section */
		B88AC1442136FEA70078F7E6 /* AppDelegate.swift in Sources */ = {isa = PBXBuildFile; fileRef = B88AC1432136FEA70078F7E6 /* AppDelegate.swift */; };
		B88AC1492136FEA70078F7E6 /* Main.storyboard in Resources */ = {isa = PBXBuildFile; fileRef = B88AC1472136FEA70078F7E6 /* Main.storyboard */; };
		B88AC14B2136FEA80078F7E6 /* Assets.xcassets in Resources */ = {isa = PBXBuildFile; fileRef = B88AC14A2136FEA80078F7E6 /* Assets.xcassets */; };
		B88AC14E2136FEA80078F7E6 /* LaunchScreen.storyboard in Resources */ = {isa = PBXBuildFile; fileRef = B88AC14C2136FEA80078F7E6 /* LaunchScreen.storyboard */; };
		B88AC156213707310078F7E6 /* PlaylistTableTableViewController.swift in Sources */ = {isa = PBXBuildFile; fileRef = B88AC155213707310078F7E6 /* PlaylistTableTableViewController.swift */; };
		B88AC15A213707630078F7E6 /* SongTableViewController.swift in Sources */ = {isa = PBXBuildFile; fileRef = B88AC159213707630078F7E6 /* SongTableViewController.swift */; };
		B88AC15F2137086F0078F7E6 /* Song.swift in Sources */ = {isa = PBXBuildFile; fileRef = B88AC15E2137086F0078F7E6 /* Song.swift */; };
		B88AC161213708780078F7E6 /* Playlist.swift in Sources */ = {isa = PBXBuildFile; fileRef = B88AC160213708780078F7E6 /* Playlist.swift */; };
		B88AC16421370BD30078F7E6 /* PlaylistController.swift in Sources */ = {isa = PBXBuildFile; fileRef = B88AC16321370BD30078F7E6 /* PlaylistController.swift */; };
		B88AC168213850930078F7E6 /* SongController.swift in Sources */ = {isa = PBXBuildFile; fileRef = B88AC167213850930078F7E6 /* SongController.swift */; };
		B88AC16A21388CE60078F7E6 /* Notes.swift in Sources */ = {isa = PBXBuildFile; fileRef = B88AC16921388CE60078F7E6 /* Notes.swift */; };
/* End PBXBuildFile section */

/* Begin PBXFileReference section */
		B88AC1402136FEA70078F7E6 /* PlaylistPractice2.app */ = {isa = PBXFileReference; explicitFileType = wrapper.application; includeInIndex = 0; path = PlaylistPractice2.app; sourceTree = BUILT_PRODUCTS_DIR; };
		B88AC1432136FEA70078F7E6 /* AppDelegate.swift */ = {isa = PBXFileReference; lastKnownFileType = sourcecode.swift; path = AppDelegate.swift; sourceTree = "<group>"; };
		B88AC1482136FEA70078F7E6 /* Base */ = {isa = PBXFileReference; lastKnownFileType = file.storyboard; name = Base; path = Base.lproj/Main.storyboard; sourceTree = "<group>"; };
		B88AC14A2136FEA80078F7E6 /* Assets.xcassets */ = {isa = PBXFileReference; lastKnownFileType = folder.assetcatalog; path = Assets.xcassets; sourceTree = "<group>"; };
		B88AC14D2136FEA80078F7E6 /* Base */ = {isa = PBXFileReference; lastKnownFileType = file.storyboard; name = Base; path = Base.lproj/LaunchScreen.storyboard; sourceTree = "<group>"; };
		B88AC14F2136FEA80078F7E6 /* Info.plist */ = {isa = PBXFileReference; lastKnownFileType = text.plist.xml; path = Info.plist; sourceTree = "<group>"; };
		B88AC155213707310078F7E6 /* PlaylistTableTableViewController.swift */ = {isa = PBXFileReference; lastKnownFileType = sourcecode.swift; path = PlaylistTableTableViewController.swift; sourceTree = "<group>"; };
		B88AC159213707630078F7E6 /* SongTableViewController.swift */ = {isa = PBXFileReference; lastKnownFileType = sourcecode.swift; path = SongTableViewController.swift; sourceTree = "<group>"; };
		B88AC15E2137086F0078F7E6 /* Song.swift */ = {isa = PBXFileReference; lastKnownFileType = sourcecode.swift; path = Song.swift; sourceTree = "<group>"; };
		B88AC160213708780078F7E6 /* Playlist.swift */ = {isa = PBXFileReference; lastKnownFileType = sourcecode.swift; path = Playlist.swift; sourceTree = "<group>"; };
		B88AC16321370BD30078F7E6 /* PlaylistController.swift */ = {isa = PBXFileReference; lastKnownFileType = sourcecode.swift; path = PlaylistController.swift; sourceTree = "<group>"; };
		B88AC167213850930078F7E6 /* SongController.swift */ = {isa = PBXFileReference; lastKnownFileType = sourcecode.swift; path = SongController.swift; sourceTree = "<group>"; };
		B88AC16921388CE60078F7E6 /* Notes.swift */ = {isa = PBXFileReference; lastKnownFileType = sourcecode.swift; path = Notes.swift; sourceTree = "<group>"; };
/* End PBXFileReference section */

/* Begin PBXFrameworksBuildPhase section */
		B88AC13D2136FEA70078F7E6 /* Frameworks */ = {
			isa = PBXFrameworksBuildPhase;
			buildActionMask = 2147483647;
			files = (
			);
			runOnlyForDeploymentPostprocessing = 0;
		};
/* End PBXFrameworksBuildPhase section */

/* Begin PBXGroup section */
		B88AC1372136FEA70078F7E6 = {
			isa = PBXGroup;
			children = (
				B88AC1422136FEA70078F7E6 /* PlaylistPractice2 */,
				B88AC1412136FEA70078F7E6 /* Products */,
			);
			sourceTree = "<group>";
		};
		B88AC1412136FEA70078F7E6 /* Products */ = {
			isa = PBXGroup;
			children = (
				B88AC1402136FEA70078F7E6 /* PlaylistPractice2.app */,
			);
			name = Products;
			sourceTree = "<group>";
		};
		B88AC1422136FEA70078F7E6 /* PlaylistPractice2 */ = {
			isa = PBXGroup;
			children = (
				B88AC162213708880078F7E6 /* Model */,
				B88AC15D213708480078F7E6 /* UI */,
				B88AC15B213707840078F7E6 /* Controller */,
				B88AC15C213707B00078F7E6 /* Resources */,
			);
			path = PlaylistPractice2;
			sourceTree = "<group>";
		};
		B88AC15B213707840078F7E6 /* Controller */ = {
			isa = PBXGroup;
			children = (
				B88AC16621370BFB0078F7E6 /* View Controllers */,
				B88AC16521370BE50078F7E6 /* Model Controllers */,
			);
			path = Controller;
			sourceTree = "<group>";
		};
		B88AC15C213707B00078F7E6 /* Resources */ = {
			isa = PBXGroup;
			children = (
				B88AC14A2136FEA80078F7E6 /* Assets.xcassets */,
				B88AC14F2136FEA80078F7E6 /* Info.plist */,
				B88AC1432136FEA70078F7E6 /* AppDelegate.swift */,
			);
			path = Resources;
			sourceTree = "<group>";
		};
		B88AC15D213708480078F7E6 /* UI */ = {
			isa = PBXGroup;
			children = (
				B88AC1472136FEA70078F7E6 /* Main.storyboard */,
				B88AC14C2136FEA80078F7E6 /* LaunchScreen.storyboard */,
			);
			path = UI;
			sourceTree = "<group>";
		};
		B88AC162213708880078F7E6 /* Model */ = {
			isa = PBXGroup;
			children = (
				B88AC160213708780078F7E6 /* Playlist.swift */,
				B88AC15E2137086F0078F7E6 /* Song.swift */,
			);
			path = Model;
			sourceTree = "<group>";
		};
		B88AC16521370BE50078F7E6 /* Model Controllers */ = {
			isa = PBXGroup;
			children = (
				B88AC16321370BD30078F7E6 /* PlaylistController.swift */,
				B88AC16921388CE60078F7E6 /* Notes.swift */,
				B88AC167213850930078F7E6 /* SongController.swift */,
			);
			path = "Model Controllers";
			sourceTree = "<group>";
		};
		B88AC16621370BFB0078F7E6 /* View Controllers */ = {
			isa = PBXGroup;
			children = (
				B88AC159213707630078F7E6 /* SongTableViewController.swift */,
				B88AC155213707310078F7E6 /* PlaylistTableTableViewController.swift */,
			);
			path = "View Controllers";
			sourceTree = "<group>";
		};
/* End PBXGroup section */

/* Begin PBXNativeTarget section */
		B88AC13F2136FEA70078F7E6 /* PlaylistPractice2 */ = {
			isa = PBXNativeTarget;
			buildConfigurationList = B88AC1522136FEA80078F7E6 /* Build configuration list for PBXNativeTarget "PlaylistPractice2" */;
			buildPhases = (
				B88AC13C2136FEA70078F7E6 /* Sources */,
				B88AC13D2136FEA70078F7E6 /* Frameworks */,
				B88AC13E2136FEA70078F7E6 /* Resources */,
			);
			buildRules = (
			);
			dependencies = (
			);
			name = PlaylistPractice2;
			productName = PlaylistPractice2;
			productReference = B88AC1402136FEA70078F7E6 /* PlaylistPractice2.app */;
			productType = "com.apple.product-type.application";
		};
/* End PBXNativeTarget section */

/* Begin PBXProject section */
		B88AC1382136FEA70078F7E6 /* Project object */ = {
			isa = PBXProject;
			attributes = {
				LastSwiftUpdateCheck = 0940;
				LastUpgradeCheck = 0940;
				ORGANIZATIONNAME = BULB.;
				TargetAttributes = {
					B88AC13F2136FEA70078F7E6 = {
						CreatedOnToolsVersion = 9.4.1;
					};
				};
			};
			buildConfigurationList = B88AC13B2136FEA70078F7E6 /* Build configuration list for PBXProject "PlaylistPractice2" */;
			compatibilityVersion = "Xcode 9.3";
			developmentRegion = en;
			hasScannedForEncodings = 0;
			knownRegions = (
				en,
				Base,
			);
			mainGroup = B88AC1372136FEA70078F7E6;
			productRefGroup = B88AC1412136FEA70078F7E6 /* Products */;
			projectDirPath = "";
			projectRoot = "";
			targets = (
				B88AC13F2136FEA70078F7E6 /* PlaylistPractice2 */,
			);
		};
/* End PBXProject section */

/* Begin PBXResourcesBuildPhase section */
		B88AC13E2136FEA70078F7E6 /* Resources */ = {
			isa = PBXResourcesBuildPhase;
			buildActionMask = 2147483647;
			files = (
				B88AC14E2136FEA80078F7E6 /* LaunchScreen.storyboard in Resources */,
				B88AC14B2136FEA80078F7E6 /* Assets.xcassets in Resources */,
				B88AC1492136FEA70078F7E6 /* Main.storyboard in Resources */,
			);
			runOnlyForDeploymentPostprocessing = 0;
		};
/* End PBXResourcesBuildPhase section */

/* Begin PBXSourcesBuildPhase section */
		B88AC13C2136FEA70078F7E6 /* Sources */ = {
			isa = PBXSourcesBuildPhase;
			buildActionMask = 2147483647;
			files = (
				B88AC168213850930078F7E6 /* SongController.swift in Sources */,
				B88AC15F2137086F0078F7E6 /* Song.swift in Sources */,
				B88AC156213707310078F7E6 /* PlaylistTableTableViewController.swift in Sources */,
				B88AC15A213707630078F7E6 /* SongTableViewController.swift in Sources */,
				B88AC1442136FEA70078F7E6 /* AppDelegate.swift in Sources */,
				B88AC161213708780078F7E6 /* Playlist.swift in Sources */,
				B88AC16421370BD30078F7E6 /* PlaylistController.swift in Sources */,
				B88AC16A21388CE60078F7E6 /* Notes.swift in Sources */,
			);
			runOnlyForDeploymentPostprocessing = 0;
		};
/* End PBXSourcesBuildPhase section */

/* Begin PBXVariantGroup section */
		B88AC1472136FEA70078F7E6 /* Main.storyboard */ = {
			isa = PBXVariantGroup;
			children = (
				B88AC1482136FEA70078F7E6 /* Base */,
			);
			name = Main.storyboard;
			sourceTree = "<group>";
		};
		B88AC14C2136FEA80078F7E6 /* LaunchScreen.storyboard */ = {
			isa = PBXVariantGroup;
			children = (
				B88AC14D2136FEA80078F7E6 /* Base */,
			);
			name = LaunchScreen.storyboard;
			sourceTree = "<group>";
		};
/* End PBXVariantGroup section */

/* Begin XCBuildConfiguration section */
		B88AC1502136FEA80078F7E6 /* Debug */ = {
			isa = XCBuildConfiguration;
			buildSettings = {
				ALWAYS_SEARCH_USER_PATHS = NO;
				CLANG_ANALYZER_NONNULL = YES;
				CLANG_ANALYZER_NUMBER_OBJECT_CONVERSION = YES_AGGRESSIVE;
				CLANG_CXX_LANGUAGE_STANDARD = "gnu++14";
				CLANG_CXX_LIBRARY = "libc++";
				CLANG_ENABLE_MODULES = YES;
				CLANG_ENABLE_OBJC_ARC = YES;
				CLANG_ENABLE_OBJC_WEAK = YES;
				CLANG_WARN_BLOCK_CAPTURE_AUTORELEASING = YES;
				CLANG_WARN_BOOL_CONVERSION = YES;
				CLANG_WARN_COMMA = YES;
				CLANG_WARN_CONSTANT_CONVERSION = YES;
				CLANG_WARN_DEPRECATED_OBJC_IMPLEMENTATIONS = YES;
				CLANG_WARN_DIRECT_OBJC_ISA_USAGE = YES_ERROR;
				CLANG_WARN_DOCUMENTATION_COMMENTS = YES;
				CLANG_WARN_EMPTY_BODY = YES;
				CLANG_WARN_ENUM_CONVERSION = YES;
				CLANG_WARN_INFINITE_RECURSION = YES;
				CLANG_WARN_INT_CONVERSION = YES;
				CLANG_WARN_NON_LITERAL_NULL_CONVERSION = YES;
				CLANG_WARN_OBJC_IMPLICIT_RETAIN_SELF = YES;
				CLANG_WARN_OBJC_LITERAL_CONVERSION = YES;
				CLANG_WARN_OBJC_ROOT_CLASS = YES_ERROR;
				CLANG_WARN_RANGE_LOOP_ANALYSIS = YES;
				CLANG_WARN_STRICT_PROTOTYPES = YES;
				CLANG_WARN_SUSPICIOUS_MOVE = YES;
				CLANG_WARN_UNGUARDED_AVAILABILITY = YES_AGGRESSIVE;
				CLANG_WARN_UNREACHABLE_CODE = YES;
				CLANG_WARN__DUPLICATE_METHOD_MATCH = YES;
				CODE_SIGN_IDENTITY = "iPhone Developer";
				COPY_PHASE_STRIP = NO;
				DEBUG_INFORMATION_FORMAT = dwarf;
				ENABLE_STRICT_OBJC_MSGSEND = YES;
				ENABLE_TESTABILITY = YES;
				GCC_C_LANGUAGE_STANDARD = gnu11;
				GCC_DYNAMIC_NO_PIC = NO;
				GCC_NO_COMMON_BLOCKS = YES;
				GCC_OPTIMIZATION_LEVEL = 0;
				GCC_PREPROCESSOR_DEFINITIONS = (
					"DEBUG=1",
					"$(inherited)",
				);
				GCC_WARN_64_TO_32_BIT_CONVERSION = YES;
				GCC_WARN_ABOUT_RETURN_TYPE = YES_ERROR;
				GCC_WARN_UNDECLARED_SELECTOR = YES;
				GCC_WARN_UNINITIALIZED_AUTOS = YES_AGGRESSIVE;
				GCC_WARN_UNUSED_FUNCTION = YES;
				GCC_WARN_UNUSED_VARIABLE = YES;
				IPHONEOS_DEPLOYMENT_TARGET = 11.4;
				MTL_ENABLE_DEBUG_INFO = YES;
				ONLY_ACTIVE_ARCH = YES;
				SDKROOT = iphoneos;
				SWIFT_ACTIVE_COMPILATION_CONDITIONS = DEBUG;
				SWIFT_OPTIMIZATION_LEVEL = "-Onone";
			};
			name = Debug;
		};
		B88AC1512136FEA80078F7E6 /* Release */ = {
			isa = XCBuildConfiguration;
			buildSettings = {
				ALWAYS_SEARCH_USER_PATHS = NO;
				CLANG_ANALYZER_NONNULL = YES;
				CLANG_ANALYZER_NUMBER_OBJECT_CONVERSION = YES_AGGRESSIVE;
				CLANG_CXX_LANGUAGE_STANDARD = "gnu++14";
				CLANG_CXX_LIBRARY = "libc++";
				CLANG_ENABLE_MODULES = YES;
				CLANG_ENABLE_OBJC_ARC = YES;
				CLANG_ENABLE_OBJC_WEAK = YES;
				CLANG_WARN_BLOCK_CAPTURE_AUTORELEASING = YES;
				CLANG_WARN_BOOL_CONVERSION = YES;
				CLANG_WARN_COMMA = YES;
				CLANG_WARN_CONSTANT_CONVERSION = YES;
				CLANG_WARN_DEPRECATED_OBJC_IMPLEMENTATIONS = YES;
				CLANG_WARN_DIRECT_OBJC_ISA_USAGE = YES_ERROR;
				CLANG_WARN_DOCUMENTATION_COMMENTS = YES;
				CLANG_WARN_EMPTY_BODY = YES;
				CLANG_WARN_ENUM_CONVERSION = YES;
				CLANG_WARN_INFINITE_RECURSION = YES;
				CLANG_WARN_INT_CONVERSION = YES;
				CLANG_WARN_NON_LITERAL_NULL_CONVERSION = YES;
				CLANG_WARN_OBJC_IMPLICIT_RETAIN_SELF = YES;
				CLANG_WARN_OBJC_LITERAL_CONVERSION = YES;
				CLANG_WARN_OBJC_ROOT_CLASS = YES_ERROR;
				CLANG_WARN_RANGE_LOOP_ANALYSIS = YES;
				CLANG_WARN_STRICT_PROTOTYPES = YES;
				CLANG_WARN_SUSPICIOUS_MOVE = YES;
				CLANG_WARN_UNGUARDED_AVAILABILITY = YES_AGGRESSIVE;
				CLANG_WARN_UNREACHABLE_CODE = YES;
				CLANG_WARN__DUPLICATE_METHOD_MATCH = YES;
				CODE_SIGN_IDENTITY = "iPhone Developer";
				COPY_PHASE_STRIP = NO;
				DEBUG_INFORMATION_FORMAT = "dwarf-with-dsym";
				ENABLE_NS_ASSERTIONS = NO;
				ENABLE_STRICT_OBJC_MSGSEND = YES;
				GCC_C_LANGUAGE_STANDARD = gnu11;
				GCC_NO_COMMON_BLOCKS = YES;
				GCC_WARN_64_TO_32_BIT_CONVERSION = YES;
				GCC_WARN_ABOUT_RETURN_TYPE = YES_ERROR;
				GCC_WARN_UNDECLARED_SELECTOR = YES;
				GCC_WARN_UNINITIALIZED_AUTOS = YES_AGGRESSIVE;
				GCC_WARN_UNUSED_FUNCTION = YES;
				GCC_WARN_UNUSED_VARIABLE = YES;
				IPHONEOS_DEPLOYMENT_TARGET = 11.4;
				MTL_ENABLE_DEBUG_INFO = NO;
				SDKROOT = iphoneos;
				SWIFT_COMPILATION_MODE = wholemodule;
				SWIFT_OPTIMIZATION_LEVEL = "-O";
				VALIDATE_PRODUCT = YES;
			};
			name = Release;
		};
		B88AC1532136FEA80078F7E6 /* Debug */ = {
			isa = XCBuildConfiguration;
			buildSettings = {
				ASSETCATALOG_COMPILER_APPICON_NAME = AppIcon;
				CODE_SIGN_STYLE = Automatic;
				DEVELOPMENT_TEAM = 4C42U55752;
				INFOPLIST_FILE = "$(SRCROOT)/PlaylistPractice2/Resources/Info.plist";
				LD_RUNPATH_SEARCH_PATHS = (
					"$(inherited)",
					"@executable_path/Frameworks",
				);
				PRODUCT_BUNDLE_IDENTIFIER = com.HelloWorld.PlaylistPractice2;
				PRODUCT_NAME = "$(TARGET_NAME)";
				SWIFT_VERSION = 4.0;
				TARGETED_DEVICE_FAMILY = "1,2";
			};
			name = Debug;
		};
		B88AC1542136FEA80078F7E6 /* Release */ = {
			isa = XCBuildConfiguration;
			buildSettings = {
				ASSETCATALOG_COMPILER_APPICON_NAME = AppIcon;
				CODE_SIGN_STYLE = Automatic;
				DEVELOPMENT_TEAM = 4C42U55752;
				INFOPLIST_FILE = "$(SRCROOT)/PlaylistPractice2/Resources/Info.plist";
				LD_RUNPATH_SEARCH_PATHS = (
					"$(inherited)",
					"@executable_path/Frameworks",
				);
				PRODUCT_BUNDLE_IDENTIFIER = com.HelloWorld.PlaylistPractice2;
				PRODUCT_NAME = "$(TARGET_NAME)";
				SWIFT_VERSION = 4.0;
				TARGETED_DEVICE_FAMILY = "1,2";
			};
			name = Release;
		};
/* End XCBuildConfiguration section */

/* Begin XCConfigurationList section */
		B88AC13B2136FEA70078F7E6 /* Build configuration list for PBXProject "PlaylistPractice2" */ = {
			isa = XCConfigurationList;
			buildConfigurations = (
				B88AC1502136FEA80078F7E6 /* Debug */,
				B88AC1512136FEA80078F7E6 /* Release */,
			);
			defaultConfigurationIsVisible = 0;
			defaultConfigurationName = Release;
		};
		B88AC1522136FEA80078F7E6 /* Build configuration list for PBXNativeTarget "PlaylistPractice2" */ = {
			isa = XCConfigurationList;
			buildConfigurations = (
				B88AC1532136FEA80078F7E6 /* Debug */,
				B88AC1542136FEA80078F7E6 /* Release */,
			);
			defaultConfigurationIsVisible = 0;
			defaultConfigurationName = Release;
		};
/* End XCConfigurationList section */
	};
	rootObject = B88AC1382136FEA70078F7E6 /* Project object */;
}
